
Microsoft Visual Studio Solution File, Format Version 12.00
# Visual Studio Version 17
VisualStudioVersion = 17.0.31903.59
MinimumVisualStudioVersion = 10.0.40219.1
Project("{2150E333-8FDC-42A3-9474-1A3956D46DE8}") = "src", "src", "{827E0CD3-B72D-47B6-A68D-7590B98EB39B}"
EndProject
Project("{FAE04EC0-301F-11D3-BF4B-00C04F79EFBC}") = "PVCErp.Api", "src\PVCErp.Api\PVCErp.Api.csproj", "{F14C130D-23A2-4EE4-8DA2-134E944B1DD7}"
EndProject
Project("{FAE04EC0-301F-11D3-BF4B-00C04F79EFBC}") = "PVCErp.Domain", "src\PVCErp.Domain\PVCErp.Domain.csproj", "{EF40A928-EE0D-46E9-B18D-8632A956853A}"
EndProject
Project("{FAE04EC0-301F-11D3-BF4B-00C04F79EFBC}") = "PVCErp.Application", "src\PVCErp.Application\PVCErp.Application.csproj", "{7F8DAFFD-AF13-4E2E-815C-1ADA389AD10C}"
EndProject
Project("{FAE04EC0-301F-11D3-BF4B-00C04F79EFBC}") = "PVCErp.Infrastructure", "src\PVCErp.Infrastructure\PVCErp.Infrastructure.csproj", "{23D8CCC2-46FC-48A0-AA80-1E8F43EB1DBA}"
EndProject
Global
	GlobalSection(SolutionConfigurationPlatforms) = preSolution
		Debug|Any CPU = Debug|Any CPU
		Debug|x64 = Debug|x64
		Debug|x86 = Debug|x86
		Release|Any CPU = Release|Any CPU
		Release|x64 = Release|x64
		Release|x86 = Release|x86
	EndGlobalSection
	GlobalSection(ProjectConfigurationPlatforms) = postSolution
		{F14C130D-23A2-4EE4-8DA2-134E944B1DD7}.Debug|Any CPU.ActiveCfg = Debug|Any CPU
		{F14C130D-23A2-4EE4-8DA2-134E944B1DD7}.Debug|Any CPU.Build.0 = Debug|Any CPU
		{F14C130D-23A2-4EE4-8DA2-134E944B1DD7}.Debug|x64.ActiveCfg = Debug|Any CPU
		{F14C130D-23A2-4EE4-8DA2-134E944B1DD7}.Debug|x64.Build.0 = Debug|Any CPU
		{F14C130D-23A2-4EE4-8DA2-134E944B1DD7}.Debug|x86.ActiveCfg = Debug|Any CPU
		{F14C130D-23A2-4EE4-8DA2-134E944B1DD7}.Debug|x86.Build.0 = Debug|Any CPU
		{F14C130D-23A2-4EE4-8DA2-134E944B1DD7}.Release|Any CPU.ActiveCfg = Release|Any CPU
		{F14C130D-23A2-4EE4-8DA2-134E944B1DD7}.Release|Any CPU.Build.0 = Release|Any CPU
		{F14C130D-23A2-4EE4-8DA2-134E944B1DD7}.Release|x64.ActiveCfg = Release|Any CPU
		{F14C130D-23A2-4EE4-8DA2-134E944B1DD7}.Release|x64.Build.0 = Release|Any CPU
		{F14C130D-23A2-4EE4-8DA2-134E944B1DD7}.Release|x86.ActiveCfg = Release|Any CPU
		{F14C130D-23A2-4EE4-8DA2-134E944B1DD7}.Release|x86.Build.0 = Release|Any CPU
		{EF40A928-EE0D-46E9-B18D-8632A956853A}.Debug|Any CPU.ActiveCfg = Debug|Any CPU
		{EF40A928-EE0D-46E9-B18D-8632A956853A}.Debug|Any CPU.Build.0 = Debug|Any CPU
		{EF40A928-EE0D-46E9-B18D-8632A956853A}.Debug|x64.ActiveCfg = Debug|Any CPU
		{EF40A928-EE0D-46E9-B18D-8632A956853A}.Debug|x64.Build.0 = Debug|Any CPU
		{EF40A928-EE0D-46E9-B18D-8632A956853A}.Debug|x86.ActiveCfg = Debug|Any CPU
		{EF40A928-EE0D-46E9-B18D-8632A956853A}.Debug|x86.Build.0 = Debug|Any CPU
		{EF40A928-EE0D-46E9-B18D-8632A956853A}.Release|Any CPU.ActiveCfg = Release|Any CPU
		{EF40A928-EE0D-46E9-B18D-8632A956853A}.Release|Any CPU.Build.0 = Release|Any CPU
		{EF40A928-EE0D-46E9-B18D-8632A956853A}.Release|x64.ActiveCfg = Release|Any CPU
		{EF40A928-EE0D-46E9-B18D-8632A956853A}.Release|x64.Build.0 = Release|Any CPU
		{EF40A928-EE0D-46E9-B18D-8632A956853A}.Release|x86.ActiveCfg = Release|Any CPU
		{EF40A928-EE0D-46E9-B18D-8632A956853A}.Release|x86.Build.0 = Release|Any CPU
		{7F8DAFFD-AF13-4E2E-815C-1ADA389AD10C}.Debug|Any CPU.ActiveCfg = Debug|Any CPU
		{7F8DAFFD-AF13-4E2E-815C-1ADA389AD10C}.Debug|Any CPU.Build.0 = Debug|Any CPU
		{7F8DAFFD-AF13-4E2E-815C-1ADA389AD10C}.Debug|x64.ActiveCfg = Debug|Any CPU
		{7F8DAFFD-AF13-4E2E-815C-1ADA389AD10C}.Debug|x64.Build.0 = Debug|Any CPU
		{7F8DAFFD-AF13-4E2E-815C-1ADA389AD10C}.Debug|x86.ActiveCfg = Debug|Any CPU
		{7F8DAFFD-AF13-4E2E-815C-1ADA389AD10C}.Debug|x86.Build.0 = Debug|Any CPU
		{7F8DAFFD-AF13-4E2E-815C-1ADA389AD10C}.Release|Any CPU.ActiveCfg = Release|Any CPU
		{7F8DAFFD-AF13-4E2E-815C-1ADA389AD10C}.Release|Any CPU.Build.0 = Release|Any CPU
		{7F8DAFFD-AF13-4E2E-815C-1ADA389AD10C}.Release|x64.ActiveCfg = Release|Any CPU
		{7F8DAFFD-AF13-4E2E-815C-1ADA389AD10C}.Release|x64.Build.0 = Release|Any CPU
		{7F8DAFFD-AF13-4E2E-815C-1ADA389AD10C}.Release|x86.ActiveCfg = Release|Any CPU
		{7F8DAFFD-AF13-4E2E-815C-1ADA389AD10C}.Release|x86.Build.0 = Release|Any CPU
		{23D8CCC2-46FC-48A0-AA80-1E8F43EB1DBA}.Debug|Any CPU.ActiveCfg = Debug|Any CPU
		{23D8CCC2-46FC-48A0-AA80-1E8F43EB1DBA}.Debug|Any CPU.Build.0 = Debug|Any CPU
		{23D8CCC2-46FC-48A0-AA80-1E8F43EB1DBA}.Debug|x64.ActiveCfg = Debug|Any CPU
		{23D8CCC2-46FC-48A0-AA80-1E8F43EB1DBA}.Debug|x64.Build.0 = Debug|Any CPU
		{23D8CCC2-46FC-48A0-AA80-1E8F43EB1DBA}.Debug|x86.ActiveCfg = Debug|Any CPU
		{23D8CCC2-46FC-48A0-AA80-1E8F43EB1DBA}.Debug|x86.Build.0 = Debug|Any CPU
		{23D8CCC2-46FC-48A0-AA80-1E8F43EB1DBA}.Release|Any CPU.ActiveCfg = Release|Any CPU
		{23D8CCC2-46FC-48A0-AA80-1E8F43EB1DBA}.Release|Any CPU.Build.0 = Release|Any CPU
		{23D8CCC2-46FC-48A0-AA80-1E8F43EB1DBA}.Release|x64.ActiveCfg = Release|Any CPU
		{23D8CCC2-46FC-48A0-AA80-1E8F43EB1DBA}.Release|x64.Build.0 = Release|Any CPU
		{23D8CCC2-46FC-48A0-AA80-1E8F43EB1DBA}.Release|x86.ActiveCfg = Release|Any CPU
		{23D8CCC2-46FC-48A0-AA80-1E8F43EB1DBA}.Release|x86.Build.0 = Release|Any CPU
	EndGlobalSection
	GlobalSection(SolutionProperties) = preSolution
		HideSolutionNode = FALSE
	EndGlobalSection
	GlobalSection(NestedProjects) = preSolution
		{F14C130D-23A2-4EE4-8DA2-134E944B1DD7} = {827E0CD3-B72D-47B6-A68D-7590B98EB39B}
		{EF40A928-EE0D-46E9-B18D-8632A956853A} = {827E0CD3-B72D-47B6-A68D-7590B98EB39B}
		{7F8DAFFD-AF13-4E2E-815C-1ADA389AD10C} = {827E0CD3-B72D-47B6-A68D-7590B98EB39B}
		{23D8CCC2-46FC-48A0-AA80-1E8F43EB1DBA} = {827E0CD3-B72D-47B6-A68D-7590B98EB39B}
	EndGlobalSection
EndGlobal
